
Microsoft Visual Studio Solution File, Format Version 12.00
# Visual Studio Version 17
VisualStudioVersion = 17.0.31512.422
MinimumVisualStudioVersion = 10.0.40219.1
Project("{2150E333-8FDC-42A3-9474-1A3956D46DE8}") = "Solution Items", "Solution Items", "{644D68EA-E314-4F6D-A78D-A8DDABA0BABA}"
	ProjectSection(SolutionItems) = preProject
		.editorconfig = .editorconfig
	EndProjectSection
EndProject
Project("{9A19103F-16F7-4668-BE54-9A1E7A4F7556}") = "Fydar.Samples", "libs\Fydar.Samples\Fydar.Samples.csproj", "{FC4DA2FA-6673-4034-B0EB-FC58C17FBFBB}"
EndProject
Project("{9A19103F-16F7-4668-BE54-9A1E7A4F7556}") = "Fydar.Samples.Demo", "demo\Fydar.Samples.Demo\Fydar.Samples.Demo.csproj", "{963B638A-C45C-426F-8BA6-38D62CB79ACE}"
EndProject
Project("{9A19103F-16F7-4668-BE54-9A1E7A4F7556}") = "Fydar.Samples.Grammars.CSharp", "libs\Fydar.Samples.Grammars.CSharp\Fydar.Samples.Grammars.CSharp.csproj", "{243E8475-0920-4053-A8DD-594287F904D9}"
EndProject
Project("{9A19103F-16F7-4668-BE54-9A1E7A4F7556}") = "Fydar.Samples.Grammars.Json", "libs\Fydar.Samples.Grammars.Json\Fydar.Samples.Grammars.Json.csproj", "{71C2B5C1-802C-4594-9699-8C5D80DFB7B1}"
EndProject
Project("{9A19103F-16F7-4668-BE54-9A1E7A4F7556}") = "Fydar.Samples.Grammars.Json.Demo", "demo\Fydar.Samples.Grammars.Json.Demo\Fydar.Samples.Grammars.Json.Demo.csproj", "{54AF9990-D294-44BE-AFA6-65F2C737E1DD}"
EndProject
Project("{9A19103F-16F7-4668-BE54-9A1E7A4F7556}") = "Fydar.Samples.Grammars.Json.UnitTests", "tests\Fydar.Samples.Grammars.Json.UnitTests\Fydar.Samples.Grammars.Json.UnitTests.csproj", "{931C4681-DBBD-4FC1-9EA4-429702647664}"
EndProject
Global
	GlobalSection(SolutionConfigurationPlatforms) = preSolution
		Debug|Any CPU = Debug|Any CPU
		Release|Any CPU = Release|Any CPU
	EndGlobalSection
	GlobalSection(ProjectConfigurationPlatforms) = postSolution
		{FC4DA2FA-6673-4034-B0EB-FC58C17FBFBB}.Debug|Any CPU.ActiveCfg = Debug|Any CPU
		{FC4DA2FA-6673-4034-B0EB-FC58C17FBFBB}.Debug|Any CPU.Build.0 = Debug|Any CPU
		{FC4DA2FA-6673-4034-B0EB-FC58C17FBFBB}.Release|Any CPU.ActiveCfg = Release|Any CPU
		{FC4DA2FA-6673-4034-B0EB-FC58C17FBFBB}.Release|Any CPU.Build.0 = Release|Any CPU
		{963B638A-C45C-426F-8BA6-38D62CB79ACE}.Debug|Any CPU.ActiveCfg = Debug|Any CPU
		{963B638A-C45C-426F-8BA6-38D62CB79ACE}.Debug|Any CPU.Build.0 = Debug|Any CPU
		{963B638A-C45C-426F-8BA6-38D62CB79ACE}.Release|Any CPU.ActiveCfg = Release|Any CPU
		{963B638A-C45C-426F-8BA6-38D62CB79ACE}.Release|Any CPU.Build.0 = Release|Any CPU
		{243E8475-0920-4053-A8DD-594287F904D9}.Debug|Any CPU.ActiveCfg = Debug|Any CPU
		{243E8475-0920-4053-A8DD-594287F904D9}.Debug|Any CPU.Build.0 = Debug|Any CPU
		{243E8475-0920-4053-A8DD-594287F904D9}.Release|Any CPU.ActiveCfg = Release|Any CPU
		{243E8475-0920-4053-A8DD-594287F904D9}.Release|Any CPU.Build.0 = Release|Any CPU
		{71C2B5C1-802C-4594-9699-8C5D80DFB7B1}.Debug|Any CPU.ActiveCfg = Debug|Any CPU
		{71C2B5C1-802C-4594-9699-8C5D80DFB7B1}.Debug|Any CPU.Build.0 = Debug|Any CPU
		{71C2B5C1-802C-4594-9699-8C5D80DFB7B1}.Release|Any CPU.ActiveCfg = Release|Any CPU
		{71C2B5C1-802C-4594-9699-8C5D80DFB7B1}.Release|Any CPU.Build.0 = Release|Any CPU
		{931C4681-DBBD-4FC1-9EA4-429702647664}.Debug|Any CPU.ActiveCfg = Debug|Any CPU
		{931C4681-DBBD-4FC1-9EA4-429702647664}.Debug|Any CPU.Build.0 = Debug|Any CPU
		{931C4681-DBBD-4FC1-9EA4-429702647664}.Release|Any CPU.ActiveCfg = Release|Any CPU
		{931C4681-DBBD-4FC1-9EA4-429702647664}.Release|Any CPU.Build.0 = Release|Any CPU
		{54AF9990-D294-44BE-AFA6-65F2C737E1DD}.Debug|Any CPU.ActiveCfg = Debug|Any CPU
		{54AF9990-D294-44BE-AFA6-65F2C737E1DD}.Debug|Any CPU.Build.0 = Debug|Any CPU
		{54AF9990-D294-44BE-AFA6-65F2C737E1DD}.Release|Any CPU.ActiveCfg = Release|Any CPU
		{54AF9990-D294-44BE-AFA6-65F2C737E1DD}.Release|Any CPU.Build.0 = Release|Any CPU
	EndGlobalSection
	GlobalSection(SolutionProperties) = preSolution
		HideSolutionNode = FALSE
	EndGlobalSection
	GlobalSection(ExtensibilityGlobals) = postSolution
		SolutionGuid = {9BC85D6D-B7BF-441E-AB8F-09CC2F1A6096}
	EndGlobalSection
EndGlobal
