
Microsoft Visual Studio Solution File, Format Version 12.00
# Visual Studio Version 17
VisualStudioVersion = 17.0.31512.422
MinimumVisualStudioVersion = 10.0.40219.1
Project("{9A19103F-16F7-4668-BE54-9A1E7A4F7556}") = "Fydar.Samples", "Fydar.Samples\Fydar.Samples.csproj", "{FC4DA2FA-6673-4034-B0EB-FC58C17FBFBB}"
EndProject
Project("{9A19103F-16F7-4668-BE54-9A1E7A4F7556}") = "Fydar.Samples.Demo", "Fydar.Samples.Demo\Fydar.Samples.Demo.csproj", "{963B638A-C45C-426F-8BA6-38D62CB79ACE}"
EndProject
Project("{FAE04EC0-301F-11D3-BF4B-00C04F79EFBC}") = "Fydar.Samples.CSharp", "Fydar.Samples.CSharp\Fydar.Samples.CSharp.csproj", "{3D19ED67-180D-4E5A-9CEE-2B09D6779DD2}"
EndProject
Project("{FAE04EC0-301F-11D3-BF4B-00C04F79EFBC}") = "Fydar.Samples.Json", "Fydar.Samples.Json\Fydar.Samples.Json.csproj", "{0FEA0C0C-070F-4F0C-997D-CCDCE20C4CD9}"
EndProject
Global
	GlobalSection(SolutionConfigurationPlatforms) = preSolution
		Debug|Any CPU = Debug|Any CPU
		Release|Any CPU = Release|Any CPU
	EndGlobalSection
	GlobalSection(ProjectConfigurationPlatforms) = postSolution
		{FC4DA2FA-6673-4034-B0EB-FC58C17FBFBB}.Debug|Any CPU.ActiveCfg = Debug|Any CPU
		{FC4DA2FA-6673-4034-B0EB-FC58C17FBFBB}.Debug|Any CPU.Build.0 = Debug|Any CPU
		{FC4DA2FA-6673-4034-B0EB-FC58C17FBFBB}.Release|Any CPU.ActiveCfg = Release|Any CPU
		{FC4DA2FA-6673-4034-B0EB-FC58C17FBFBB}.Release|Any CPU.Build.0 = Release|Any CPU
		{963B638A-C45C-426F-8BA6-38D62CB79ACE}.Debug|Any CPU.ActiveCfg = Debug|Any CPU
		{963B638A-C45C-426F-8BA6-38D62CB79ACE}.Debug|Any CPU.Build.0 = Debug|Any CPU
		{963B638A-C45C-426F-8BA6-38D62CB79ACE}.Release|Any CPU.ActiveCfg = Release|Any CPU
		{963B638A-C45C-426F-8BA6-38D62CB79ACE}.Release|Any CPU.Build.0 = Release|Any CPU
		{3D19ED67-180D-4E5A-9CEE-2B09D6779DD2}.Debug|Any CPU.ActiveCfg = Debug|Any CPU
		{3D19ED67-180D-4E5A-9CEE-2B09D6779DD2}.Debug|Any CPU.Build.0 = Debug|Any CPU
		{3D19ED67-180D-4E5A-9CEE-2B09D6779DD2}.Release|Any CPU.ActiveCfg = Release|Any CPU
		{3D19ED67-180D-4E5A-9CEE-2B09D6779DD2}.Release|Any CPU.Build.0 = Release|Any CPU
		{0FEA0C0C-070F-4F0C-997D-CCDCE20C4CD9}.Debug|Any CPU.ActiveCfg = Debug|Any CPU
		{0FEA0C0C-070F-4F0C-997D-CCDCE20C4CD9}.Debug|Any CPU.Build.0 = Debug|Any CPU
		{0FEA0C0C-070F-4F0C-997D-CCDCE20C4CD9}.Release|Any CPU.ActiveCfg = Release|Any CPU
		{0FEA0C0C-070F-4F0C-997D-CCDCE20C4CD9}.Release|Any CPU.Build.0 = Release|Any CPU
	EndGlobalSection
	GlobalSection(SolutionProperties) = preSolution
		HideSolutionNode = FALSE
	EndGlobalSection
	GlobalSection(ExtensibilityGlobals) = postSolution
		SolutionGuid = {9BC85D6D-B7BF-441E-AB8F-09CC2F1A6096}
	EndGlobalSection
EndGlobal
